{
  "name": "@is-(unknown)/is-null",
  "version": "1.0.0",
  "lockfileVersion": 3,
  "requires": true,
  "packages": {
    "": {
      "name": "@is-(unknown)/is-null",
      "version": "1.0.0",
      "license": "MIT",
      "dependencies": {
        "@technically/is-not-null": "^1.0.0"
      }
    },
    "node_modules/@technically/is-not-null": {
      "version": "1.0.0",
      "resolved": "https://registry.npmjs.org/@technically/is-not-null/-/is-not-null-1.0.0.tgz",
      "integrity": "sha512-xXByx6XiD3gf04/nyuQkVu3KkLcb1L5O6eg3i5re3ksvmMkXlEXlabs36tPjEkY+fUOrcCYFBN82i/saHOHH1g==",
      "license": "MIT"
    }
  }
}
